
Microsoft Visual Studio Solution File, Format Version 12.00
# Visual Studio 15
VisualStudioVersion = 15.0.28010.2050
MinimumVisualStudioVersion = 10.0.40219.1
Project("{FAE04EC0-301F-11D3-BF4B-00C04F79EFBC}") = "PromoCodesWebApp", "PromoCodesWebApp\PromoCodesWebApp.csproj", "{474DBE6B-C86C-41E8-8498-24FAC98E6BF4}"
EndProject
Project("{E53339B2-1760-4266-BCC7-CA923CBCF16C}") = "docker-compose", "docker-compose.dcproj", "{0E497FF4-5A11-4648-A282-0A70452C8B48}"
EndProject
Global
	GlobalSection(SolutionConfigurationPlatforms) = preSolution
		Debug|Any CPU = Debug|Any CPU
		Release|Any CPU = Release|Any CPU
	EndGlobalSection
	GlobalSection(ProjectConfigurationPlatforms) = postSolution
		{474DBE6B-C86C-41E8-8498-24FAC98E6BF4}.Debug|Any CPU.ActiveCfg = Debug|Any CPU
		{474DBE6B-C86C-41E8-8498-24FAC98E6BF4}.Debug|Any CPU.Build.0 = Debug|Any CPU
		{474DBE6B-C86C-41E8-8498-24FAC98E6BF4}.Release|Any CPU.ActiveCfg = Release|Any CPU
		{474DBE6B-C86C-41E8-8498-24FAC98E6BF4}.Release|Any CPU.Build.0 = Release|Any CPU
		{0E497FF4-5A11-4648-A282-0A70452C8B48}.Debug|Any CPU.ActiveCfg = Debug|Any CPU
		{0E497FF4-5A11-4648-A282-0A70452C8B48}.Debug|Any CPU.Build.0 = Debug|Any CPU
		{0E497FF4-5A11-4648-A282-0A70452C8B48}.Release|Any CPU.ActiveCfg = Release|Any CPU
		{0E497FF4-5A11-4648-A282-0A70452C8B48}.Release|Any CPU.Build.0 = Release|Any CPU
	EndGlobalSection
	GlobalSection(SolutionProperties) = preSolution
		HideSolutionNode = FALSE
	EndGlobalSection
	GlobalSection(ExtensibilityGlobals) = postSolution
		SolutionGuid = {C54AD487-89F7-4621-9C33-0284560E3C53}
	EndGlobalSection
EndGlobal
